
Microsoft Visual Studio Solution File, Format Version 12.00
# Visual Studio Version 16
VisualStudioVersion = 16.0.30804.86
MinimumVisualStudioVersion = 10.0.40219.1
Project("{8BC9CEB8-8B4A-11D0-8D11-00A0C91BC942}") = "cppStudy", "cppStudy\cppStudy.vcxproj", "{592D873F-A15F-41E4-A382-E8C3A2876331}"
EndProject
Project("{8BC9CEB8-8B4A-11D0-8D11-00A0C91BC942}") = "offTheRecord", "offTheRecord\offTheRecord.vcxproj", "{E5162544-9C81-4DBA-8000-202DAC4168DE}"
EndProject
Project("{8BC9CEB8-8B4A-11D0-8D11-00A0C91BC942}") = "Algorithm", "Algorithm\Algorithm.vcxproj", "{5845B42C-56DE-4F2C-BBA2-637592CEEC07}"
EndProject
Project("{8BC9CEB8-8B4A-11D0-8D11-00A0C91BC942}") = "PS", "PS\PS.vcxproj", "{8E4B85D2-7772-46FA-B152-B6BE313F5BF2}"
EndProject
Global
	GlobalSection(SolutionConfigurationPlatforms) = preSolution
		Debug|x64 = Debug|x64
		Debug|x86 = Debug|x86
		Release|x64 = Release|x64
		Release|x86 = Release|x86
	EndGlobalSection
	GlobalSection(ProjectConfigurationPlatforms) = postSolution
		{592D873F-A15F-41E4-A382-E8C3A2876331}.Debug|x64.ActiveCfg = Debug|x64
		{592D873F-A15F-41E4-A382-E8C3A2876331}.Debug|x64.Build.0 = Debug|x64
		{592D873F-A15F-41E4-A382-E8C3A2876331}.Debug|x86.ActiveCfg = Debug|Win32
		{592D873F-A15F-41E4-A382-E8C3A2876331}.Debug|x86.Build.0 = Debug|Win32
		{592D873F-A15F-41E4-A382-E8C3A2876331}.Release|x64.ActiveCfg = Release|x64
		{592D873F-A15F-41E4-A382-E8C3A2876331}.Release|x64.Build.0 = Release|x64
		{592D873F-A15F-41E4-A382-E8C3A2876331}.Release|x86.ActiveCfg = Release|Win32
		{592D873F-A15F-41E4-A382-E8C3A2876331}.Release|x86.Build.0 = Release|Win32
		{E5162544-9C81-4DBA-8000-202DAC4168DE}.Debug|x64.ActiveCfg = Debug|x64
		{E5162544-9C81-4DBA-8000-202DAC4168DE}.Debug|x64.Build.0 = Debug|x64
		{E5162544-9C81-4DBA-8000-202DAC4168DE}.Debug|x86.ActiveCfg = Debug|Win32
		{E5162544-9C81-4DBA-8000-202DAC4168DE}.Debug|x86.Build.0 = Debug|Win32
		{E5162544-9C81-4DBA-8000-202DAC4168DE}.Release|x64.ActiveCfg = Release|x64
		{E5162544-9C81-4DBA-8000-202DAC4168DE}.Release|x64.Build.0 = Release|x64
		{E5162544-9C81-4DBA-8000-202DAC4168DE}.Release|x86.ActiveCfg = Release|Win32
		{E5162544-9C81-4DBA-8000-202DAC4168DE}.Release|x86.Build.0 = Release|Win32
		{5845B42C-56DE-4F2C-BBA2-637592CEEC07}.Debug|x64.ActiveCfg = Debug|x64
		{5845B42C-56DE-4F2C-BBA2-637592CEEC07}.Debug|x64.Build.0 = Debug|x64
		{5845B42C-56DE-4F2C-BBA2-637592CEEC07}.Debug|x86.ActiveCfg = Debug|Win32
		{5845B42C-56DE-4F2C-BBA2-637592CEEC07}.Debug|x86.Build.0 = Debug|Win32
		{5845B42C-56DE-4F2C-BBA2-637592CEEC07}.Release|x64.ActiveCfg = Release|x64
		{5845B42C-56DE-4F2C-BBA2-637592CEEC07}.Release|x64.Build.0 = Release|x64
		{5845B42C-56DE-4F2C-BBA2-637592CEEC07}.Release|x86.ActiveCfg = Release|Win32
		{5845B42C-56DE-4F2C-BBA2-637592CEEC07}.Release|x86.Build.0 = Release|Win32
		{8E4B85D2-7772-46FA-B152-B6BE313F5BF2}.Debug|x64.ActiveCfg = Debug|x64
		{8E4B85D2-7772-46FA-B152-B6BE313F5BF2}.Debug|x64.Build.0 = Debug|x64
		{8E4B85D2-7772-46FA-B152-B6BE313F5BF2}.Debug|x86.ActiveCfg = Debug|Win32
		{8E4B85D2-7772-46FA-B152-B6BE313F5BF2}.Debug|x86.Build.0 = Debug|Win32
		{8E4B85D2-7772-46FA-B152-B6BE313F5BF2}.Release|x64.ActiveCfg = Release|x64
		{8E4B85D2-7772-46FA-B152-B6BE313F5BF2}.Release|x64.Build.0 = Release|x64
		{8E4B85D2-7772-46FA-B152-B6BE313F5BF2}.Release|x86.ActiveCfg = Release|Win32
		{8E4B85D2-7772-46FA-B152-B6BE313F5BF2}.Release|x86.Build.0 = Release|Win32
	EndGlobalSection
	GlobalSection(SolutionProperties) = preSolution
		HideSolutionNode = FALSE
	EndGlobalSection
	GlobalSection(ExtensibilityGlobals) = postSolution
		SolutionGuid = {B3B9BA22-334C-4B5D-9962-FE68B5A19A44}
	EndGlobalSection
EndGlobal
